<Project xmlns="http://schemas.microsoft.com/developer/msbuild/2003">
    <PropertyGroup>
        <ProjectGuid>{79E27E38-05AD-4674-A092-801ED96C605D}</ProjectGuid>
        <ProjectVersion>15.1</ProjectVersion>
        <FrameworkType>VCL</FrameworkType>
        <MainSource>Project4.dpr</MainSource>
        <Base>True</Base>
        <Config Condition="'$(Config)'==''">Debug</Config>
        <Platform Condition="'$(Platform)'==''">Win32</Platform>
        <TargetedPlatforms>1</TargetedPlatforms>
        <AppType>Application</AppType>
    </PropertyGroup>
    <PropertyGroup Condition="'$(Config)'=='Base' or '$(Base)'!=''">
        <Base>true</Base>
    </PropertyGroup>
    <PropertyGroup Condition="('$(Platform)'=='Win32' and '$(Base)'=='true') or '$(Base_Win32)'!=''">
        <Base_Win32>true</Base_Win32>
        <CfgParent>Base</CfgParent>
        <Base>true</Base>
    </PropertyGroup>
    <PropertyGroup Condition="('$(Platform)'=='Win64' and '$(Base)'=='true') or '$(Base_Win64)'!=''">
        <Base_Win64>true</Base_Win64>
        <CfgParent>Base</CfgParent>
        <Base>true</Base>
    </PropertyGroup>
    <PropertyGroup Condition="'$(Config)'=='Debug' or '$(Cfg_1)'!=''">
        <Cfg_1>true</Cfg_1>
        <CfgParent>Base</CfgParent>
        <Base>true</Base>
    </PropertyGroup>
    <PropertyGroup Condition="('$(Platform)'=='Win32' and '$(Cfg_1)'=='true') or '$(Cfg_1_Win32)'!=''">
        <Cfg_1_Win32>true</Cfg_1_Win32>
        <CfgParent>Cfg_1</CfgParent>
        <Cfg_1>true</Cfg_1>
        <Base>true</Base>
    </PropertyGroup>
    <PropertyGroup Condition="'$(Config)'=='Release' or '$(Cfg_2)'!=''">
        <Cfg_2>true</Cfg_2>
        <CfgParent>Base</CfgParent>
        <Base>true</Base>
    </PropertyGroup>
    <PropertyGroup Condition="'$(Base)'!=''">
        <DCC_Namespace>System;Xml;Data;Datasnap;Web;Soap;Vcl;Vcl.Imaging;Vcl.Touch;Vcl.Samples;Vcl.Shell;$(DCC_Namespace)</DCC_Namespace>
        <Icns_MainIcns>$(BDS)\bin\delphi_PROJECTICNS.icns</Icns_MainIcns>
        <DCC_DcuOutput>.\$(Platform)\$(Config)</DCC_DcuOutput>
        <DCC_ExeOutput>.\$(Platform)\$(Config)</DCC_ExeOutput>
        <DCC_E>false</DCC_E>
        <DCC_N>false</DCC_N>
        <DCC_S>false</DCC_S>
        <DCC_F>false</DCC_F>
        <DCC_K>false</DCC_K>
    </PropertyGroup>
    <PropertyGroup Condition="'$(Base_Win32)'!=''">
        <DCC_Namespace>Winapi;System.Win;Data.Win;Datasnap.Win;Web.Win;Soap.Win;Xml.Win;Bde;$(DCC_Namespace)</DCC_Namespace>
        <VerInfo_IncludeVerInfo>true</VerInfo_IncludeVerInfo>
        <DCC_UsePackage>DataSnapIndy10ServerTransport;dxSkinOffice2007BlackRS19;sdlguipack_rt_102X5;dxSkinLiquidSkyRS19;sdlgeopack_102X5;cxBarEditItemRS19;FireDACPgDriver;dxWizardControlRS19;dxPScxCommonRS19;tmswizdXE5;dxThemeRS19;cxGridRS19;dxPScxExtCommonRS19;DBXInterBaseDriver;DataSnapServer;DataSnapCommon;DataAbstract_DBXDriver_Enterprise_D19;sdlchartpack_rt_102X5;cxSchedulerRS19;TeeUI919;FMXTeeDB919;DbxCommonDriver;sdlguipack_102X5;vclimg;dbxcds;dxFlowChartRS19;DatasnapConnectorsFreePascal;DataAbstract_ActiveScripting_D19;rbADO1519;rbFireDAC1519;dxSkinSpringTimeRS19;dxdbtrRS19;vcldb;sdacfmx190;dxDockingRS19;FmxTeeUI919;dxdborRS19;cxSpreadSheetRS19;dxSkinsdxDLPainterRS19;dxtrmdRS19;dxSpellCheckerRS19;rbTCUI1519;dxSkinOffice2013LightGrayRS19;CustomIPTransport;rbBDE1519;TeeWorld919;dsnap;IndyIPServer;dxTileControlRS19;dxSkinFoggyRS19;IndyCore;dxPSCoreRS19;cxSchedulerGridRS19;cxPivotGridOLAPRS19;dxSkinStardustRS19;CloudService;TeePro919;FireDACIBDriver;dxSkinXmas2008BlueRS19;dclRBE1519;rbCIDE1519;dclRBDBE1519;dxSkinValentineRS19;dxPScxSchedulerLnkRS19;dxSkinDarkSideRS19;dxSkinLondonLiquidSkyRS19;FireDACDb2Driver;DataAbstract_SpiderMonkeyScripting_D19;dxBarExtDBItemsRS19;dxTabbedMDIRS19;sdacvcl190;sdac190;dxSkinOffice2013WhiteRS19;dacfmx190;FMXTeePro919;dxSkinSharpRS19;bindcompfmx;dxSkinBlueprintRS19;dxSkinOffice2007PinkRS19;sdlchempack_rt_102X5;vcldbx;cxExportRS19;FireDACODBCDriver;rbUSERDesign1519;rbRAP1519;dxSkinCoffeeRS19;dbrtl;FireDACCommon;bindcomp;inetdb;dxSkinBlueRS19;dxServerModeRS19;DBXOdbcDriver;JDLedD6;vclFireDAC;dxSkinMoneyTwinsRS19;FMXTee919;xmlrtl;dxSkiniMaginaryRS19;cxPivotGridChartRS19;dxSkinOffice2007GreenRS19;FireDACCommonDriver;bindengine;vclactnband;soaprtl;dxRibbonRS19;bindcompvcl;dxADOServerModeRS19;vclie;DataAbstract_SQLiteDriver_D19;dxPSdxLCLnkRS19;dxSkinBlackRS19;dxSkinOffice2010BlackRS19;dxSkinSevenClassicRS19;FireDACMSSQLDriver;DBXInformixDriver;RemObjects_Indy_D19;dsnapcon;DBXFirebirdDriver;dxSkinscxSchedulerPainterRS19;inet;FMXTeeLanguage919;cxSchedulerRibbonStyleEventEditorRS19;dxSkinsdxNavBarPainterRS19;dxPSdxFCLnkRS19;FireDACMySQLDriver;vclx;rbDB1519;dxPSPrVwRibbonRS19;TeeDB919;DBXSybaseASADriver;RESTComponents;dxSkinLilianRS19;dxSkinscxPCPainterRS19;dbexpress;EurekaLogCore;IndyIPClient;tmsdXE5;dxSkinSharpPlusRS19;cxSchedulerTreeBrowserRS19;dxPScxPivotGridLnkRS19;dxPScxSSLnkRS19;FireDACSqliteDriver;sdlmathpack_102X5;rbUSER1519;DBXSqliteDriver;dxPSdxDBTVLnkRS19;dxSkinOffice2007BlueRS19;sdlchempack_102X5;cxDataRS19;cxLibraryRS19;fmx;IndySystem;RemObjects_Synapse_D19;dxPsPrVwAdvRS19;dxSkinHighContrastRS19;dacvcl190;inetdbbde;DataSnapClient;TBX_DXE5;Tee919;DataSnapProviderClient;DBXSybaseASEDriver;dxmdsRS19;dxSkinOffice2010SilverRS19;rbDIDE1519;dxSkinsdxBarPainterRS19;TeeGL919;MetropolisUILiveTile;dxPSdxOCLnkRS19;vcldsnap;fmxFireDAC;DBXDb2Driver;rbIDE1519;dxSkinDevExpressDarkStyleRS19;DBXOracleDriver;dxBarDBNavRS19;dxSkinVS2010RS19;dxSkinSilverRS19;fmxase;vcl;dxPSdxDBOCLnkRS19;IndyIPCommon;DBXMSSQLDriver;dxBarRS19;cxTreeListdxBarPopupMenuRS19;FireDACDBXDriver;dxFireDACServerModeRS19;inetdbxpress;sdlbasepack_rt_102X5;cxEditorsRS19;dxSkinMcSkinRS19;DataAbstract_IDE_D19;adortl;dxSkinOffice2007SilverRS19;DataAbstract_DBXDriver_Pro_D19;FireDACASADriver;dxSkinSevenRS19;TeeTree2D19Tee9;dxDBXServerModeRS19;tb2k_d19_xe5;dxLayoutControlRS19;dxSkinOffice2013DarkGrayRS19;dxSkinWhiteprintRS19;cxPageControlRS19;rtl;rbDBDE1519;DbxClientDriver;dcldxSkinsCoreRS19;dxPScxGridLnkRS19;RemObjects_WebBroker_D19;cxVerticalGridRS19;cxPageControldxBarPopupMenuRS19;CPortLibDXE;dxSkinMetropolisDarkRS19;sdlmathpack_rt_102X5;svnui;dxSkinsdxRibbonPainterRS19;dxSkinSummer2008RS19;dxSkinTheAsphaltWorldRS19;dxComnRS19;IndyProtocols;DBXMySQLDriver;cxPivotGridRS19;DataAbstract_SDACDriver_D19;tmsxlsdXE5;dxPSLnksRS19;bindcompdbx;TeeLanguage919;rbDAD1519;dxSkinDarkRoomRS19;dxSkinPumpkinRS19;dxBarExtItemsRS19;FireDACADSDriver;vcltouch;dxNavBarRS19;rbTC1519;sdlgeopack_rt_102X5;dac190;VclSmp;FireDAC;VCLRESTComponents;rbDBE1519;dxGDIPlusRS19;dclRBFireDAC1519;DataSnapConnectors;FireDACDataSnapDriver;dclRBADO1519;dxSkinMetropolisRS19;dxCoreRS19;dxPScxVGridLnkRS19;rbRCL1519;dxPScxTLLnkRS19;dxSkinsCoreRS19;fmxobj;dxSkinGlassOceansRS19;sdlchartpack_102X5;dxPScxPCProdRS19;svn;tmsexdXE5;dxSkinOffice2010BlueRS19;FireDACOracleDriver;fmxdae;dxorgcRS19;rbRIDE1519;bdertl;dclRBBDE1519;cxTreeListRS19;TeeImage919;dxSkinDevExpressStyleRS19;FireDACMSAccDriver;dxSkinCaramelRS19;$(DCC_UsePackage)</DCC_UsePackage>
        <VerInfo_Keys>CompanyName=;FileDescription=;FileVersion=1.0.0.0;InternalName=;LegalCopyright=;LegalTrademarks=;OriginalFilename=;ProductName=;ProductVersion=1.0.0.0;Comments=</VerInfo_Keys>
        <VerInfo_Locale>1033</VerInfo_Locale>
        <Manifest_File>$(BDS)\bin\default_app.manifest</Manifest_File>
    </PropertyGroup>
    <PropertyGroup Condition="'$(Base_Win64)'!=''">
        <DCC_UsePackage>DataSnapIndy10ServerTransport;dxSkinOffice2007BlackRS19;sdlguipack_rt_102X5;dxSkinLiquidSkyRS19;sdlgeopack_102X5;cxBarEditItemRS19;FireDACPgDriver;dxWizardControlRS19;dxPScxCommonRS19;dxThemeRS19;cxGridRS19;dxPScxExtCommonRS19;DBXInterBaseDriver;DataSnapServer;DataSnapCommon;DataAbstract_DBXDriver_Enterprise_D19;sdlchartpack_rt_102X5;cxSchedulerRS19;DbxCommonDriver;sdlguipack_102X5;vclimg;dbxcds;dxFlowChartRS19;DatasnapConnectorsFreePascal;dxSkinSpringTimeRS19;dxdbtrRS19;vcldb;dxDockingRS19;dxdborRS19;cxSpreadSheetRS19;dxSkinsdxDLPainterRS19;dxtrmdRS19;dxSpellCheckerRS19;dxSkinOffice2013LightGrayRS19;CustomIPTransport;dsnap;IndyIPServer;dxTileControlRS19;dxSkinFoggyRS19;IndyCore;dxPSCoreRS19;cxSchedulerGridRS19;cxPivotGridOLAPRS19;dxSkinStardustRS19;CloudService;FireDACIBDriver;dxSkinXmas2008BlueRS19;dxSkinValentineRS19;dxPScxSchedulerLnkRS19;dxSkinDarkSideRS19;dxSkinLondonLiquidSkyRS19;FireDACDb2Driver;DataAbstract_SpiderMonkeyScripting_D19;dxBarExtDBItemsRS19;dxTabbedMDIRS19;dxSkinOffice2013WhiteRS19;dxSkinSharpRS19;bindcompfmx;dxSkinBlueprintRS19;dxSkinOffice2007PinkRS19;sdlchempack_rt_102X5;cxExportRS19;FireDACODBCDriver;dxSkinCoffeeRS19;dbrtl;FireDACCommon;bindcomp;inetdb;dxSkinBlueRS19;dxServerModeRS19;DBXOdbcDriver;vclFireDAC;dxSkinMoneyTwinsRS19;xmlrtl;dxSkiniMaginaryRS19;cxPivotGridChartRS19;dxSkinOffice2007GreenRS19;FireDACCommonDriver;bindengine;vclactnband;soaprtl;dxRibbonRS19;bindcompvcl;dxADOServerModeRS19;vclie;DataAbstract_SQLiteDriver_D19;dxPSdxLCLnkRS19;dxSkinBlackRS19;dxSkinOffice2010BlackRS19;dxSkinSevenClassicRS19;FireDACMSSQLDriver;DBXInformixDriver;RemObjects_Indy_D19;dsnapcon;DBXFirebirdDriver;dxSkinscxSchedulerPainterRS19;inet;cxSchedulerRibbonStyleEventEditorRS19;dxSkinsdxNavBarPainterRS19;dxPSdxFCLnkRS19;FireDACMySQLDriver;vclx;dxPSPrVwRibbonRS19;DBXSybaseASADriver;RESTComponents;dxSkinLilianRS19;dxSkinscxPCPainterRS19;dbexpress;IndyIPClient;dxSkinSharpPlusRS19;cxSchedulerTreeBrowserRS19;dxPScxPivotGridLnkRS19;dxPScxSSLnkRS19;FireDACSqliteDriver;sdlmathpack_102X5;DBXSqliteDriver;dxPSdxDBTVLnkRS19;dxSkinOffice2007BlueRS19;sdlchempack_102X5;cxDataRS19;cxLibraryRS19;fmx;IndySystem;RemObjects_Synapse_D19;dxPsPrVwAdvRS19;dxSkinHighContrastRS19;DataSnapClient;DataSnapProviderClient;DBXSybaseASEDriver;dxmdsRS19;dxSkinOffice2010SilverRS19;dxSkinsdxBarPainterRS19;MetropolisUILiveTile;dxPSdxOCLnkRS19;vcldsnap;fmxFireDAC;DBXDb2Driver;dxSkinDevExpressDarkStyleRS19;DBXOracleDriver;dxBarDBNavRS19;dxSkinVS2010RS19;dxSkinSilverRS19;fmxase;vcl;dxPSdxDBOCLnkRS19;IndyIPCommon;DBXMSSQLDriver;dxBarRS19;cxTreeListdxBarPopupMenuRS19;FireDACDBXDriver;dxFireDACServerModeRS19;inetdbxpress;sdlbasepack_rt_102X5;cxEditorsRS19;dxSkinMcSkinRS19;adortl;dxSkinOffice2007SilverRS19;DataAbstract_DBXDriver_Pro_D19;FireDACASADriver;dxSkinSevenRS19;dxDBXServerModeRS19;dxLayoutControlRS19;dxSkinOffice2013DarkGrayRS19;dxSkinWhiteprintRS19;cxPageControlRS19;rtl;DbxClientDriver;dcldxSkinsCoreRS19;dxPScxGridLnkRS19;RemObjects_WebBroker_D19;cxVerticalGridRS19;cxPageControldxBarPopupMenuRS19;dxSkinMetropolisDarkRS19;sdlmathpack_rt_102X5;dxSkinsdxRibbonPainterRS19;dxSkinSummer2008RS19;dxSkinTheAsphaltWorldRS19;dxComnRS19;IndyProtocols;DBXMySQLDriver;cxPivotGridRS19;DataAbstract_SDACDriver_D19;dxPSLnksRS19;bindcompdbx;dxSkinDarkRoomRS19;dxSkinPumpkinRS19;dxBarExtItemsRS19;FireDACADSDriver;vcltouch;dxNavBarRS19;sdlgeopack_rt_102X5;VclSmp;FireDAC;VCLRESTComponents;dxGDIPlusRS19;DataSnapConnectors;FireDACDataSnapDriver;dxSkinMetropolisRS19;dxCoreRS19;dxPScxVGridLnkRS19;dxPScxTLLnkRS19;dxSkinsCoreRS19;fmxobj;dxSkinGlassOceansRS19;sdlchartpack_102X5;dxPScxPCProdRS19;dxSkinOffice2010BlueRS19;FireDACOracleDriver;fmxdae;dxorgcRS19;cxTreeListRS19;dxSkinDevExpressStyleRS19;FireDACMSAccDriver;dxSkinCaramelRS19;$(DCC_UsePackage)</DCC_UsePackage>
    </PropertyGroup>
    <PropertyGroup Condition="'$(Cfg_1)'!=''">
        <DCC_Define>DEBUG;$(DCC_Define)</DCC_Define>
        <DCC_DebugDCUs>true</DCC_DebugDCUs>
        <DCC_Optimize>false</DCC_Optimize>
        <DCC_GenerateStackFrames>true</DCC_GenerateStackFrames>
        <DCC_DebugInfoInExe>true</DCC_DebugInfoInExe>
        <DCC_RemoteDebug>true</DCC_RemoteDebug>
    </PropertyGroup>
    <PropertyGroup Condition="'$(Cfg_1_Win32)'!=''">
        <Icon_MainIcon>Project4_Icon2.ico</Icon_MainIcon>
        <VerInfo_IncludeVerInfo>true</VerInfo_IncludeVerInfo>
        <VerInfo_Locale>1033</VerInfo_Locale>
        <DCC_RemoteDebug>false</DCC_RemoteDebug>
    </PropertyGroup>
    <PropertyGroup Condition="'$(Cfg_2)'!=''">
        <DCC_LocalDebugSymbols>false</DCC_LocalDebugSymbols>
        <DCC_Define>RELEASE;$(DCC_Define)</DCC_Define>
        <DCC_SymbolReferenceInfo>0</DCC_SymbolReferenceInfo>
        <DCC_DebugInformation>0</DCC_DebugInformation>
    </PropertyGroup>
    <ItemGroup>
        <DelphiCompile Include="$(MainSource)">
            <MainSource>MainSource</MainSource>
        </DelphiCompile>
        <DCCReference Include="FormUnit1.pas">
            <Form>Form1</Form>
            <FormType>dfm</FormType>
        </DCCReference>
        <DCCReference Include="WebModuleUnit4.pas">
            <Form>WebModule4</Form>
            <FormType>dfm</FormType>
            <DesignClass>TWebModule</DesignClass>
        </DCCReference>
        <DCCReference Include="androidserviceImpl.pas"/>
        <DCCReference Include="androidserviceIntf.pas"/>
        <DCCReference Include="uDM.pas">
            <Form>DM</Form>
            <FormType>dfm</FormType>
            <DesignClass>TDataModule</DesignClass>
        </DCCReference>
        <DCCReference Include="UtileriasComun.pas"/>
        <DCCReference Include="LibraryEmpresas_Intf.pas"/>
        <DCCReference Include="LibXmlParser.pas"/>
        <DCCReference Include="ufrmPassword.pas">
            <Form>frmPassword</Form>
            <FormType>dfm</FormType>
        </DCCReference>
        <BuildConfiguration Include="Release">
            <Key>Cfg_2</Key>
            <CfgParent>Base</CfgParent>
        </BuildConfiguration>
        <BuildConfiguration Include="Base">
            <Key>Base</Key>
        </BuildConfiguration>
        <BuildConfiguration Include="Debug">
            <Key>Cfg_1</Key>
            <CfgParent>Base</CfgParent>
        </BuildConfiguration>
    </ItemGroup>
    <ProjectExtensions>
        <Borland.Personality>Delphi.Personality.12</Borland.Personality>
        <Borland.ProjectType/>
        <BorlandProject>
            <Delphi.Personality>
                <VersionInfo>
                    <VersionInfo Name="IncludeVerInfo">False</VersionInfo>
                    <VersionInfo Name="AutoIncBuild">False</VersionInfo>
                    <VersionInfo Name="MajorVer">1</VersionInfo>
                    <VersionInfo Name="MinorVer">0</VersionInfo>
                    <VersionInfo Name="Release">0</VersionInfo>
                    <VersionInfo Name="Build">0</VersionInfo>
                    <VersionInfo Name="Debug">False</VersionInfo>
                    <VersionInfo Name="PreRelease">False</VersionInfo>
                    <VersionInfo Name="Special">False</VersionInfo>
                    <VersionInfo Name="Private">False</VersionInfo>
                    <VersionInfo Name="DLL">False</VersionInfo>
                    <VersionInfo Name="Locale">1033</VersionInfo>
                    <VersionInfo Name="CodePage">1252</VersionInfo>
                </VersionInfo>
                <VersionInfoKeys>
                    <VersionInfoKeys Name="CompanyName"/>
                    <VersionInfoKeys Name="FileDescription"/>
                    <VersionInfoKeys Name="FileVersion">1.0.0.0</VersionInfoKeys>
                    <VersionInfoKeys Name="InternalName"/>
                    <VersionInfoKeys Name="LegalCopyright"/>
                    <VersionInfoKeys Name="LegalTrademarks"/>
                    <VersionInfoKeys Name="OriginalFilename"/>
                    <VersionInfoKeys Name="ProductName"/>
                    <VersionInfoKeys Name="ProductVersion">1.0.0.0</VersionInfoKeys>
                    <VersionInfoKeys Name="Comments"/>
                    <VersionInfoKeys Name="CFBundleName"/>
                    <VersionInfoKeys Name="CFBundleDisplayName"/>
                    <VersionInfoKeys Name="UIDeviceFamily"/>
                    <VersionInfoKeys Name="CFBundleIdentifier"/>
                    <VersionInfoKeys Name="CFBundleVersion"/>
                    <VersionInfoKeys Name="CFBundlePackageType"/>
                    <VersionInfoKeys Name="CFBundleSignature"/>
                    <VersionInfoKeys Name="CFBundleAllowMixedLocalizations"/>
                    <VersionInfoKeys Name="UISupportedInterfaceOrientations"/>
                    <VersionInfoKeys Name="CFBundleExecutable"/>
                    <VersionInfoKeys Name="CFBundleResourceSpecification"/>
                    <VersionInfoKeys Name="LSRequiresIPhoneOS"/>
                    <VersionInfoKeys Name="CFBundleInfoDictionaryVersion"/>
                    <VersionInfoKeys Name="CFBundleDevelopmentRegion"/>
                    <VersionInfoKeys Name="package"/>
                    <VersionInfoKeys Name="label"/>
                    <VersionInfoKeys Name="versionCode"/>
                    <VersionInfoKeys Name="versionName"/>
                    <VersionInfoKeys Name="persistent"/>
                    <VersionInfoKeys Name="restoreAnyVersion"/>
                    <VersionInfoKeys Name="installLocation"/>
                    <VersionInfoKeys Name="largeHeap"/>
                    <VersionInfoKeys Name="theme"/>
                </VersionInfoKeys>
                <Source>
                    <Source Name="MainSource">Project4.dpr</Source>
                </Source>
                <Excluded_Packages>
                    <Excluded_Packages Name="C:\Users\RedPacifico\Documents\tmssoftware\TMS Component Pack\DelphiXE5\TMSDeDXE5.bpl">TMS Component Pack design time support</Excluded_Packages>
                    <Excluded_Packages Name="$(BDSBIN)\dcloffice2k190.bpl">Microsoft Office 2000 Sample Automation Server Wrapper Components</Excluded_Packages>
                    <Excluded_Packages Name="$(BDSBIN)\dclofficexp190.bpl">Microsoft Office XP Sample Automation Server Wrapper Components</Excluded_Packages>
                </Excluded_Packages>
            </Delphi.Personality>
            <Deployment/>
            <Platforms>
                <Platform value="Win32">True</Platform>
                <Platform value="Win64">False</Platform>
            </Platforms>
        </BorlandProject>
        <ProjectFileVersion>12</ProjectFileVersion>
    </ProjectExtensions>
    <Import Project="$(BDS)\Bin\CodeGear.Delphi.Targets" Condition="Exists('$(BDS)\Bin\CodeGear.Delphi.Targets')"/>
    <Import Project="$(APPDATA)\Embarcadero\$(BDSAPPDATABASEDIR)\$(PRODUCTVERSION)\UserTools.proj" Condition="Exists('$(APPDATA)\Embarcadero\$(BDSAPPDATABASEDIR)\$(PRODUCTVERSION)\UserTools.proj')"/>
</Project>

<!-- EurekaLog First Line
[Exception Log]
EurekaLog Version=7007
Activate=0
DeleteMapAfterCompile=1
Encrypt Password=""
EurekaLog Last Line -->
